{
    "_readme": [
        "This file locks the dependencies of your project to a known state",
        "Read more about it at https://getcomposer.org/doc/01-basic-usage.md#composer-lock-the-lock-file",
        "This file is @generated automatically"
    ],
    "hash": "42086eb64d8a60d44758c480dc75e517",
    "content-hash": "64e9f9bccdfcb76eb63fa38200636dfe",
    "packages": [
        {
            "name": "kronusme/dota2-api",
            "version": "2.1.1",
            "source": {
                "type": "git",
                "url": "https://github.com/kronusme/dota2-api.git",
                "reference": "9b4142aaa50d008b1d8f4ca6152d2d8f5169871d"
            },
            "dist": {
                "type": "zip",
                "url": "https://api.github.com/repos/kronusme/dota2-api/zipball/9b4142aaa50d008b1d8f4ca6152d2d8f5169871d",
                "reference": "9b4142aaa50d008b1d8f4ca6152d2d8f5169871d",
                "shasum": ""
            },
            "require": {
                "php": ">5.2"
            },
            "require-dev": {
                "phpunit/dbunit": ">=1.2",
                "phpunit/phpunit": "4.4.*",
                "satooshi/php-coveralls": "dev-master",
                "sebastianbergmann/phpcov": "1.1.0",
                "squizlabs/php_codesniffer": "2.*"
            },
            "type": "library",
            "autoload": {
                "psr-4": {
                    "Dota2Api\\": "includes/"
                }
            },
            "notification-url": "https://packagist.org/downloads/",
            "license": [
                "MIT"
            ],
            "authors": [
                {
                    "name": "KronuS Me",
                    "email": "kronusme@gmail.com",
                    "homepage": "http://kronus.me",
                    "role": "Developer"
                }
            ],
            "description": "DotA 2 Web API PHP wrapper",
            "keywords": [
                "api",
                "dota2",
                "sdk",
                "wrapper"
            ],
            "time": "2015-10-19 20:50:32"
        }
    ],
    "packages-dev": [],
    "aliases": [],
    "minimum-stability": "stable",
    "stability-flags": [],
    "prefer-stable": false,
    "prefer-lowest": false,
    "platform": [],
    "platform-dev": []
}
